
Microsoft Visual Studio Solution File, Format Version 12.00
# Visual Studio Version 17
VisualStudioVersion = 17.11.35208.52
MinimumVisualStudioVersion = 10.0.40219.1
Project("{FAE04EC0-301F-11D3-BF4B-00C04F79EFBC}") = "Practico 2", "Practico 2\Practico 2.csproj", "{597ADB69-0366-4238-B0C3-809D0BB5B260}"
EndProject
Global
	GlobalSection(SolutionConfigurationPlatforms) = preSolution
		Debug|Any CPU = Debug|Any CPU
		Release|Any CPU = Release|Any CPU
	EndGlobalSection
	GlobalSection(ProjectConfigurationPlatforms) = postSolution
		{597ADB69-0366-4238-B0C3-809D0BB5B260}.Debug|Any CPU.ActiveCfg = Debug|Any CPU
		{597ADB69-0366-4238-B0C3-809D0BB5B260}.Debug|Any CPU.Build.0 = Debug|Any CPU
		{597ADB69-0366-4238-B0C3-809D0BB5B260}.Release|Any CPU.ActiveCfg = Release|Any CPU
		{597ADB69-0366-4238-B0C3-809D0BB5B260}.Release|Any CPU.Build.0 = Release|Any CPU
	EndGlobalSection
	GlobalSection(SolutionProperties) = preSolution
		HideSolutionNode = FALSE
	EndGlobalSection
	GlobalSection(ExtensibilityGlobals) = postSolution
		SolutionGuid = {42063B56-0AE1-4E5A-AF68-58FB1B90295C}
	EndGlobalSection
EndGlobal
